
Microsoft Visual Studio Solution File, Format Version 12.00
# Visual Studio Version 17
VisualStudioVersion = 17.5.002.0
MinimumVisualStudioVersion = 10.0.40219.1
Project("{2150E333-8FDC-42A3-9474-1A3956D46DE8}") = "backend", "backend", "{A83D5351-7BD0-4584-9BCE-AE39EE0D5DF5}"
EndProject
Project("{9A19103F-16F7-4668-BE54-9A1E7A4F7556}") = "api", "backend\api\api.csproj", "{DBCABE2B-2BEF-475B-9F68-F89BDB3F1862}"
EndProject
Project("{2150E333-8FDC-42A3-9474-1A3956D46DE8}") = "api (1)", "api", "{6E79503A-333C-4F4F-BD49-05CCCB79C24E}"
EndProject
Project("{2150E333-8FDC-42A3-9474-1A3956D46DE8}") = "obj", "obj", "{23B12668-5AC1-41F4-A4D3-1FE29515EE7C}"
EndProject
Project("{2150E333-8FDC-42A3-9474-1A3956D46DE8}") = "Debug", "Debug", "{083AF780-004F-4011-93C3-926CB27BDC6D}"
EndProject
Project("{2150E333-8FDC-42A3-9474-1A3956D46DE8}") = "net6.0", "net6.0", "{CBC83832-85E8-4A32-88F8-64F77B6557FE}"
EndProject
Project("{9A19103F-16F7-4668-BE54-9A1E7A4F7556}") = "WorkerExtensions", "backend\api\obj\Debug\net6.0\WorkerExtensions\WorkerExtensions.csproj", "{175D2BD7-0FCF-45C5-A1E3-C72A61C5C2DF}"
EndProject
Global
	GlobalSection(SolutionConfigurationPlatforms) = preSolution
		Debug|Any CPU = Debug|Any CPU
		Release|Any CPU = Release|Any CPU
	EndGlobalSection
	GlobalSection(ProjectConfigurationPlatforms) = postSolution
		{DBCABE2B-2BEF-475B-9F68-F89BDB3F1862}.Debug|Any CPU.ActiveCfg = Debug|Any CPU
		{DBCABE2B-2BEF-475B-9F68-F89BDB3F1862}.Debug|Any CPU.Build.0 = Debug|Any CPU
		{DBCABE2B-2BEF-475B-9F68-F89BDB3F1862}.Release|Any CPU.ActiveCfg = Release|Any CPU
		{DBCABE2B-2BEF-475B-9F68-F89BDB3F1862}.Release|Any CPU.Build.0 = Release|Any CPU
		{175D2BD7-0FCF-45C5-A1E3-C72A61C5C2DF}.Debug|Any CPU.ActiveCfg = Debug|Any CPU
		{175D2BD7-0FCF-45C5-A1E3-C72A61C5C2DF}.Debug|Any CPU.Build.0 = Debug|Any CPU
		{175D2BD7-0FCF-45C5-A1E3-C72A61C5C2DF}.Release|Any CPU.ActiveCfg = Release|Any CPU
		{175D2BD7-0FCF-45C5-A1E3-C72A61C5C2DF}.Release|Any CPU.Build.0 = Release|Any CPU
	EndGlobalSection
	GlobalSection(SolutionProperties) = preSolution
		HideSolutionNode = FALSE
	EndGlobalSection
	GlobalSection(NestedProjects) = preSolution
		{DBCABE2B-2BEF-475B-9F68-F89BDB3F1862} = {A83D5351-7BD0-4584-9BCE-AE39EE0D5DF5}
		{6E79503A-333C-4F4F-BD49-05CCCB79C24E} = {A83D5351-7BD0-4584-9BCE-AE39EE0D5DF5}
		{23B12668-5AC1-41F4-A4D3-1FE29515EE7C} = {6E79503A-333C-4F4F-BD49-05CCCB79C24E}
		{083AF780-004F-4011-93C3-926CB27BDC6D} = {23B12668-5AC1-41F4-A4D3-1FE29515EE7C}
		{CBC83832-85E8-4A32-88F8-64F77B6557FE} = {083AF780-004F-4011-93C3-926CB27BDC6D}
		{175D2BD7-0FCF-45C5-A1E3-C72A61C5C2DF} = {CBC83832-85E8-4A32-88F8-64F77B6557FE}
	EndGlobalSection
	GlobalSection(ExtensibilityGlobals) = postSolution
		SolutionGuid = {4ABC255F-2AF9-49A3-BC0D-BDA88556DD07}
	EndGlobalSection
EndGlobal
